{
  "name": "geoexif",
  "version": "0.0.3",
  "dependencies": {
    "commander": {
      "version": "2.1.0",
      "from": "https://registry.npmjs.org/commander/-/commander-2.1.0.tgz",
      "resolved": "https://registry.npmjs.org/commander/-/commander-2.1.0.tgz"
    },
    "exif": {
      "version": "0.3.3",
      "from": "https://registry.npmjs.org/exif/-/exif-0.3.3.tgz",
      "resolved": "https://registry.npmjs.org/exif/-/exif-0.3.3.tgz"
    },
    "open": {
      "version": "0.0.4",
      "from": "https://registry.npmjs.org/open/-/open-0.0.4.tgz",
      "resolved": "https://registry.npmjs.org/open/-/open-0.0.4.tgz"
    }
  }
}
